// !$*UTF8*$!
{
	archiveVersion = 1;
	classes = {
	};
	objectVersion = 56;
	objects = {

/* Begin PBXBuildFile section */
		1829C3132A3DFD720096143F /* AppDelegate.swift in Sources */ = {isa = PBXBuildFile; fileRef = 1829C3122A3DFD720096143F /* AppDelegate.swift */; };
		1829C3152A3DFD720096143F /* SceneDelegate.swift in Sources */ = {isa = PBXBuildFile; fileRef = 1829C3142A3DFD720096143F /* SceneDelegate.swift */; };
		1829C3172A3DFD720096143F /* ViewController.swift in Sources */ = {isa = PBXBuildFile; fileRef = 1829C3162A3DFD720096143F /* ViewController.swift */; };
		1829C31A2A3DFD720096143F /* Main.storyboard in Resources */ = {isa = PBXBuildFile; fileRef = 1829C3182A3DFD720096143F /* Main.storyboard */; };
		1829C31C2A3DFD740096143F /* Assets.xcassets in Resources */ = {isa = PBXBuildFile; fileRef = 1829C31B2A3DFD740096143F /* Assets.xcassets */; };
		1829C31F2A3DFD740096143F /* LaunchScreen.storyboard in Resources */ = {isa = PBXBuildFile; fileRef = 1829C31D2A3DFD740096143F /* LaunchScreen.storyboard */; };
		1829C3292A3E14380096143F /* DetailViewController.swift in Sources */ = {isa = PBXBuildFile; fileRef = 1829C3282A3E14380096143F /* DetailViewController.swift */; };
		1829C3442A3F5DF90096143F /* spain@2x.png in Resources */ = {isa = PBXBuildFile; fileRef = 1829C32C2A3F5DF80096143F /* spain@2x.png */; };
		1829C3452A3F5DF90096143F /* monaco@3x.png in Resources */ = {isa = PBXBuildFile; fileRef = 1829C32D2A3F5DF80096143F /* monaco@3x.png */; };
		1829C3462A3F5DF90096143F /* estonia@2x.png in Resources */ = {isa = PBXBuildFile; fileRef = 1829C32E2A3F5DF80096143F /* estonia@2x.png */; };
		1829C3472A3F5DF90096143F /* us@2x.png in Resources */ = {isa = PBXBuildFile; fileRef = 1829C32F2A3F5DF80096143F /* us@2x.png */; };
		1829C3482A3F5DF90096143F /* uk@2x.png in Resources */ = {isa = PBXBuildFile; fileRef = 1829C3302A3F5DF80096143F /* uk@2x.png */; };
		1829C3492A3F5DF90096143F /* nigeria@3x.png in Resources */ = {isa = PBXBuildFile; fileRef = 1829C3312A3F5DF80096143F /* nigeria@3x.png */; };
		1829C34A2A3F5DF90096143F /* estonia@3x.png in Resources */ = {isa = PBXBuildFile; fileRef = 1829C3322A3F5DF80096143F /* estonia@3x.png */; };
		1829C34B2A3F5DF90096143F /* germany@3x.png in Resources */ = {isa = PBXBuildFile; fileRef = 1829C3332A3F5DF80096143F /* germany@3x.png */; };
		1829C34C2A3F5DF90096143F /* italy@2x.png in Resources */ = {isa = PBXBuildFile; fileRef = 1829C3342A3F5DF80096143F /* italy@2x.png */; };
		1829C34D2A3F5DF90096143F /* uk@3x.png in Resources */ = {isa = PBXBuildFile; fileRef = 1829C3352A3F5DF80096143F /* uk@3x.png */; };
		1829C34E2A3F5DF90096143F /* italy@3x.png in Resources */ = {isa = PBXBuildFile; fileRef = 1829C3362A3F5DF80096143F /* italy@3x.png */; };
		1829C34F2A3F5DF90096143F /* nigeria@2x.png in Resources */ = {isa = PBXBuildFile; fileRef = 1829C3372A3F5DF80096143F /* nigeria@2x.png */; };
		1829C3502A3F5DF90096143F /* monaco@2x.png in Resources */ = {isa = PBXBuildFile; fileRef = 1829C3382A3F5DF90096143F /* monaco@2x.png */; };
		1829C3512A3F5DF90096143F /* spain@3x.png in Resources */ = {isa = PBXBuildFile; fileRef = 1829C3392A3F5DF90096143F /* spain@3x.png */; };
		1829C3522A3F5DF90096143F /* us@3x.png in Resources */ = {isa = PBXBuildFile; fileRef = 1829C33A2A3F5DF90096143F /* us@3x.png */; };
		1829C3532A3F5DF90096143F /* poland@2x.png in Resources */ = {isa = PBXBuildFile; fileRef = 1829C33B2A3F5DF90096143F /* poland@2x.png */; };
		1829C3542A3F5DF90096143F /* france@3x.png in Resources */ = {isa = PBXBuildFile; fileRef = 1829C33C2A3F5DF90096143F /* france@3x.png */; };
		1829C3552A3F5DF90096143F /* germany@2x.png in Resources */ = {isa = PBXBuildFile; fileRef = 1829C33D2A3F5DF90096143F /* germany@2x.png */; };
		1829C3562A3F5DF90096143F /* ireland@2x.png in Resources */ = {isa = PBXBuildFile; fileRef = 1829C33E2A3F5DF90096143F /* ireland@2x.png */; };
		1829C3572A3F5DF90096143F /* ireland@3x.png in Resources */ = {isa = PBXBuildFile; fileRef = 1829C33F2A3F5DF90096143F /* ireland@3x.png */; };
		1829C3582A3F5DF90096143F /* france@2x.png in Resources */ = {isa = PBXBuildFile; fileRef = 1829C3402A3F5DF90096143F /* france@2x.png */; };
		1829C3592A3F5DF90096143F /* russia@3x.png in Resources */ = {isa = PBXBuildFile; fileRef = 1829C3412A3F5DF90096143F /* russia@3x.png */; };
		1829C35A2A3F5DF90096143F /* poland@3x.png in Resources */ = {isa = PBXBuildFile; fileRef = 1829C3422A3F5DF90096143F /* poland@3x.png */; };
		1829C35B2A3F5DF90096143F /* russia@2x.png in Resources */ = {isa = PBXBuildFile; fileRef = 1829C3432A3F5DF90096143F /* russia@2x.png */; };
/* End PBXBuildFile section */

/* Begin PBXFileReference section */
		1829C30F2A3DFD720096143F /* consolidateapp.app */ = {isa = PBXFileReference; explicitFileType = wrapper.application; includeInIndex = 0; path = consolidateapp.app; sourceTree = BUILT_PRODUCTS_DIR; };
		1829C3122A3DFD720096143F /* AppDelegate.swift */ = {isa = PBXFileReference; lastKnownFileType = sourcecode.swift; path = AppDelegate.swift; sourceTree = "<group>"; };
		1829C3142A3DFD720096143F /* SceneDelegate.swift */ = {isa = PBXFileReference; lastKnownFileType = sourcecode.swift; path = SceneDelegate.swift; sourceTree = "<group>"; };
		1829C3162A3DFD720096143F /* ViewController.swift */ = {isa = PBXFileReference; lastKnownFileType = sourcecode.swift; path = ViewController.swift; sourceTree = "<group>"; };
		1829C3192A3DFD720096143F /* Base */ = {isa = PBXFileReference; lastKnownFileType = file.storyboard; name = Base; path = Base.lproj/Main.storyboard; sourceTree = "<group>"; };
		1829C31B2A3DFD740096143F /* Assets.xcassets */ = {isa = PBXFileReference; lastKnownFileType = folder.assetcatalog; path = Assets.xcassets; sourceTree = "<group>"; };
		1829C31E2A3DFD740096143F /* Base */ = {isa = PBXFileReference; lastKnownFileType = file.storyboard; name = Base; path = Base.lproj/LaunchScreen.storyboard; sourceTree = "<group>"; };
		1829C3202A3DFD740096143F /* Info.plist */ = {isa = PBXFileReference; lastKnownFileType = text.plist.xml; path = Info.plist; sourceTree = "<group>"; };
		1829C3282A3E14380096143F /* DetailViewController.swift */ = {isa = PBXFileReference; lastKnownFileType = sourcecode.swift; path = DetailViewController.swift; sourceTree = "<group>"; };
		1829C32C2A3F5DF80096143F /* spain@2x.png */ = {isa = PBXFileReference; lastKnownFileType = image.png; path = "spain@2x.png"; sourceTree = "<group>"; };
		1829C32D2A3F5DF80096143F /* monaco@3x.png */ = {isa = PBXFileReference; lastKnownFileType = image.png; path = "monaco@3x.png"; sourceTree = "<group>"; };
		1829C32E2A3F5DF80096143F /* estonia@2x.png */ = {isa = PBXFileReference; lastKnownFileType = image.png; path = "estonia@2x.png"; sourceTree = "<group>"; };
		1829C32F2A3F5DF80096143F /* us@2x.png */ = {isa = PBXFileReference; lastKnownFileType = image.png; path = "us@2x.png"; sourceTree = "<group>"; };
		1829C3302A3F5DF80096143F /* uk@2x.png */ = {isa = PBXFileReference; lastKnownFileType = image.png; path = "uk@2x.png"; sourceTree = "<group>"; };
		1829C3312A3F5DF80096143F /* nigeria@3x.png */ = {isa = PBXFileReference; lastKnownFileType = image.png; path = "nigeria@3x.png"; sourceTree = "<group>"; };
		1829C3322A3F5DF80096143F /* estonia@3x.png */ = {isa = PBXFileReference; lastKnownFileType = image.png; path = "estonia@3x.png"; sourceTree = "<group>"; };
		1829C3332A3F5DF80096143F /* germany@3x.png */ = {isa = PBXFileReference; lastKnownFileType = image.png; path = "germany@3x.png"; sourceTree = "<group>"; };
		1829C3342A3F5DF80096143F /* italy@2x.png */ = {isa = PBXFileReference; lastKnownFileType = image.png; path = "italy@2x.png"; sourceTree = "<group>"; };
		1829C3352A3F5DF80096143F /* uk@3x.png */ = {isa = PBXFileReference; lastKnownFileType = image.png; path = "uk@3x.png"; sourceTree = "<group>"; };
		1829C3362A3F5DF80096143F /* italy@3x.png */ = {isa = PBXFileReference; lastKnownFileType = image.png; path = "italy@3x.png"; sourceTree = "<group>"; };
		1829C3372A3F5DF80096143F /* nigeria@2x.png */ = {isa = PBXFileReference; lastKnownFileType = image.png; path = "nigeria@2x.png"; sourceTree = "<group>"; };
		1829C3382A3F5DF90096143F /* monaco@2x.png */ = {isa = PBXFileReference; lastKnownFileType = image.png; path = "monaco@2x.png"; sourceTree = "<group>"; };
		1829C3392A3F5DF90096143F /* spain@3x.png */ = {isa = PBXFileReference; lastKnownFileType = image.png; path = "spain@3x.png"; sourceTree = "<group>"; };
		1829C33A2A3F5DF90096143F /* us@3x.png */ = {isa = PBXFileReference; lastKnownFileType = image.png; path = "us@3x.png"; sourceTree = "<group>"; };
		1829C33B2A3F5DF90096143F /* poland@2x.png */ = {isa = PBXFileReference; lastKnownFileType = image.png; path = "poland@2x.png"; sourceTree = "<group>"; };
		1829C33C2A3F5DF90096143F /* france@3x.png */ = {isa = PBXFileReference; lastKnownFileType = image.png; path = "france@3x.png"; sourceTree = "<group>"; };
		1829C33D2A3F5DF90096143F /* germany@2x.png */ = {isa = PBXFileReference; lastKnownFileType = image.png; path = "germany@2x.png"; sourceTree = "<group>"; };
		1829C33E2A3F5DF90096143F /* ireland@2x.png */ = {isa = PBXFileReference; lastKnownFileType = image.png; path = "ireland@2x.png"; sourceTree = "<group>"; };
		1829C33F2A3F5DF90096143F /* ireland@3x.png */ = {isa = PBXFileReference; lastKnownFileType = image.png; path = "ireland@3x.png"; sourceTree = "<group>"; };
		1829C3402A3F5DF90096143F /* france@2x.png */ = {isa = PBXFileReference; lastKnownFileType = image.png; path = "france@2x.png"; sourceTree = "<group>"; };
		1829C3412A3F5DF90096143F /* russia@3x.png */ = {isa = PBXFileReference; lastKnownFileType = image.png; path = "russia@3x.png"; sourceTree = "<group>"; };
		1829C3422A3F5DF90096143F /* poland@3x.png */ = {isa = PBXFileReference; lastKnownFileType = image.png; path = "poland@3x.png"; sourceTree = "<group>"; };
		1829C3432A3F5DF90096143F /* russia@2x.png */ = {isa = PBXFileReference; lastKnownFileType = image.png; path = "russia@2x.png"; sourceTree = "<group>"; };
/* End PBXFileReference section */

/* Begin PBXFrameworksBuildPhase section */
		1829C30C2A3DFD720096143F /* Frameworks */ = {
			isa = PBXFrameworksBuildPhase;
			buildActionMask = 2147483647;
			files = (
			);
			runOnlyForDeploymentPostprocessing = 0;
		};
/* End PBXFrameworksBuildPhase section */

/* Begin PBXGroup section */
		1829C3062A3DFD720096143F = {
			isa = PBXGroup;
			children = (
				1829C3112A3DFD720096143F /* consolidateapp */,
				1829C3102A3DFD720096143F /* Products */,
			);
			sourceTree = "<group>";
		};
		1829C3102A3DFD720096143F /* Products */ = {
			isa = PBXGroup;
			children = (
				1829C30F2A3DFD720096143F /* consolidateapp.app */,
			);
			name = Products;
			sourceTree = "<group>";
		};
		1829C3112A3DFD720096143F /* consolidateapp */ = {
			isa = PBXGroup;
			children = (
				1829C3122A3DFD720096143F /* AppDelegate.swift */,
				1829C3142A3DFD720096143F /* SceneDelegate.swift */,
				1829C3162A3DFD720096143F /* ViewController.swift */,
				1829C3182A3DFD720096143F /* Main.storyboard */,
				1829C3282A3E14380096143F /* DetailViewController.swift */,
				1829C31B2A3DFD740096143F /* Assets.xcassets */,
				1829C31D2A3DFD740096143F /* LaunchScreen.storyboard */,
				1829C3202A3DFD740096143F /* Info.plist */,
				1829C32E2A3F5DF80096143F /* estonia@2x.png */,
				1829C3322A3F5DF80096143F /* estonia@3x.png */,
				1829C3402A3F5DF90096143F /* france@2x.png */,
				1829C33C2A3F5DF90096143F /* france@3x.png */,
				1829C33D2A3F5DF90096143F /* germany@2x.png */,
				1829C3332A3F5DF80096143F /* germany@3x.png */,
				1829C33E2A3F5DF90096143F /* ireland@2x.png */,
				1829C33F2A3F5DF90096143F /* ireland@3x.png */,
				1829C3342A3F5DF80096143F /* italy@2x.png */,
				1829C3362A3F5DF80096143F /* italy@3x.png */,
				1829C3382A3F5DF90096143F /* monaco@2x.png */,
				1829C32D2A3F5DF80096143F /* monaco@3x.png */,
				1829C3372A3F5DF80096143F /* nigeria@2x.png */,
				1829C3312A3F5DF80096143F /* nigeria@3x.png */,
				1829C33B2A3F5DF90096143F /* poland@2x.png */,
				1829C3422A3F5DF90096143F /* poland@3x.png */,
				1829C3432A3F5DF90096143F /* russia@2x.png */,
				1829C3412A3F5DF90096143F /* russia@3x.png */,
				1829C32C2A3F5DF80096143F /* spain@2x.png */,
				1829C3392A3F5DF90096143F /* spain@3x.png */,
				1829C3302A3F5DF80096143F /* uk@2x.png */,
				1829C3352A3F5DF80096143F /* uk@3x.png */,
				1829C32F2A3F5DF80096143F /* us@2x.png */,
				1829C33A2A3F5DF90096143F /* us@3x.png */,
			);
			path = consolidateapp;
			sourceTree = "<group>";
		};
/* End PBXGroup section */

/* Begin PBXNativeTarget section */
		1829C30E2A3DFD720096143F /* consolidateapp */ = {
			isa = PBXNativeTarget;
			buildConfigurationList = 1829C3232A3DFD740096143F /* Build configuration list for PBXNativeTarget "consolidateapp" */;
			buildPhases = (
				1829C30B2A3DFD720096143F /* Sources */,
				1829C30C2A3DFD720096143F /* Frameworks */,
				1829C30D2A3DFD720096143F /* Resources */,
			);
			buildRules = (
			);
			dependencies = (
			);
			name = consolidateapp;
			productName = consolidateapp;
			productReference = 1829C30F2A3DFD720096143F /* consolidateapp.app */;
			productType = "com.apple.product-type.application";
		};
/* End PBXNativeTarget section */

/* Begin PBXProject section */
		1829C3072A3DFD720096143F /* Project object */ = {
			isa = PBXProject;
			attributes = {
				BuildIndependentTargetsInParallel = 1;
				LastSwiftUpdateCheck = 1420;
				LastUpgradeCheck = 1420;
				TargetAttributes = {
					1829C30E2A3DFD720096143F = {
						CreatedOnToolsVersion = 14.2;
					};
				};
			};
			buildConfigurationList = 1829C30A2A3DFD720096143F /* Build configuration list for PBXProject "consolidateapp" */;
			compatibilityVersion = "Xcode 14.0";
			developmentRegion = en;
			hasScannedForEncodings = 0;
			knownRegions = (
				en,
				Base,
			);
			mainGroup = 1829C3062A3DFD720096143F;
			productRefGroup = 1829C3102A3DFD720096143F /* Products */;
			projectDirPath = "";
			projectRoot = "";
			targets = (
				1829C30E2A3DFD720096143F /* consolidateapp */,
			);
		};
/* End PBXProject section */

/* Begin PBXResourcesBuildPhase section */
		1829C30D2A3DFD720096143F /* Resources */ = {
			isa = PBXResourcesBuildPhase;
			buildActionMask = 2147483647;
			files = (
				1829C3562A3F5DF90096143F /* ireland@2x.png in Resources */,
				1829C34F2A3F5DF90096143F /* nigeria@2x.png in Resources */,
				1829C34C2A3F5DF90096143F /* italy@2x.png in Resources */,
				1829C3532A3F5DF90096143F /* poland@2x.png in Resources */,
				1829C3472A3F5DF90096143F /* us@2x.png in Resources */,
				1829C3492A3F5DF90096143F /* nigeria@3x.png in Resources */,
				1829C3442A3F5DF90096143F /* spain@2x.png in Resources */,
				1829C34D2A3F5DF90096143F /* uk@3x.png in Resources */,
				1829C31F2A3DFD740096143F /* LaunchScreen.storyboard in Resources */,
				1829C3502A3F5DF90096143F /* monaco@2x.png in Resources */,
				1829C34B2A3F5DF90096143F /* germany@3x.png in Resources */,
				1829C3542A3F5DF90096143F /* france@3x.png in Resources */,
				1829C34E2A3F5DF90096143F /* italy@3x.png in Resources */,
				1829C31C2A3DFD740096143F /* Assets.xcassets in Resources */,
				1829C34A2A3F5DF90096143F /* estonia@3x.png in Resources */,
				1829C3512A3F5DF90096143F /* spain@3x.png in Resources */,
				1829C35B2A3F5DF90096143F /* russia@2x.png in Resources */,
				1829C3572A3F5DF90096143F /* ireland@3x.png in Resources */,
				1829C35A2A3F5DF90096143F /* poland@3x.png in Resources */,
				1829C3582A3F5DF90096143F /* france@2x.png in Resources */,
				1829C3592A3F5DF90096143F /* russia@3x.png in Resources */,
				1829C3452A3F5DF90096143F /* monaco@3x.png in Resources */,
				1829C3462A3F5DF90096143F /* estonia@2x.png in Resources */,
				1829C3552A3F5DF90096143F /* germany@2x.png in Resources */,
				1829C3522A3F5DF90096143F /* us@3x.png in Resources */,
				1829C3482A3F5DF90096143F /* uk@2x.png in Resources */,
				1829C31A2A3DFD720096143F /* Main.storyboard in Resources */,
			);
			runOnlyForDeploymentPostprocessing = 0;
		};
/* End PBXResourcesBuildPhase section */

/* Begin PBXSourcesBuildPhase section */
		1829C30B2A3DFD720096143F /* Sources */ = {
			isa = PBXSourcesBuildPhase;
			buildActionMask = 2147483647;
			files = (
				1829C3172A3DFD720096143F /* ViewController.swift in Sources */,
				1829C3132A3DFD720096143F /* AppDelegate.swift in Sources */,
				1829C3152A3DFD720096143F /* SceneDelegate.swift in Sources */,
				1829C3292A3E14380096143F /* DetailViewController.swift in Sources */,
			);
			runOnlyForDeploymentPostprocessing = 0;
		};
/* End PBXSourcesBuildPhase section */

/* Begin PBXVariantGroup section */
		1829C3182A3DFD720096143F /* Main.storyboard */ = {
			isa = PBXVariantGroup;
			children = (
				1829C3192A3DFD720096143F /* Base */,
			);
			name = Main.storyboard;
			sourceTree = "<group>";
		};
		1829C31D2A3DFD740096143F /* LaunchScreen.storyboard */ = {
			isa = PBXVariantGroup;
			children = (
				1829C31E2A3DFD740096143F /* Base */,
			);
			name = LaunchScreen.storyboard;
			sourceTree = "<group>";
		};
/* End PBXVariantGroup section */

/* Begin XCBuildConfiguration section */
		1829C3212A3DFD740096143F /* Debug */ = {
			isa = XCBuildConfiguration;
			buildSettings = {
				ALWAYS_SEARCH_USER_PATHS = NO;
				CLANG_ANALYZER_NONNULL = YES;
				CLANG_ANALYZER_NUMBER_OBJECT_CONVERSION = YES_AGGRESSIVE;
				CLANG_CXX_LANGUAGE_STANDARD = "gnu++20";
				CLANG_ENABLE_MODULES = YES;
				CLANG_ENABLE_OBJC_ARC = YES;
				CLANG_ENABLE_OBJC_WEAK = YES;
				CLANG_WARN_BLOCK_CAPTURE_AUTORELEASING = YES;
				CLANG_WARN_BOOL_CONVERSION = YES;
				CLANG_WARN_COMMA = YES;
				CLANG_WARN_CONSTANT_CONVERSION = YES;
				CLANG_WARN_DEPRECATED_OBJC_IMPLEMENTATIONS = YES;
				CLANG_WARN_DIRECT_OBJC_ISA_USAGE = YES_ERROR;
				CLANG_WARN_DOCUMENTATION_COMMENTS = YES;
				CLANG_WARN_EMPTY_BODY = YES;
				CLANG_WARN_ENUM_CONVERSION = YES;
				CLANG_WARN_INFINITE_RECURSION = YES;
				CLANG_WARN_INT_CONVERSION = YES;
				CLANG_WARN_NON_LITERAL_NULL_CONVERSION = YES;
				CLANG_WARN_OBJC_IMPLICIT_RETAIN_SELF = YES;
				CLANG_WARN_OBJC_LITERAL_CONVERSION = YES;
				CLANG_WARN_OBJC_ROOT_CLASS = YES_ERROR;
				CLANG_WARN_QUOTED_INCLUDE_IN_FRAMEWORK_HEADER = YES;
				CLANG_WARN_RANGE_LOOP_ANALYSIS = YES;
				CLANG_WARN_STRICT_PROTOTYPES = YES;
				CLANG_WARN_SUSPICIOUS_MOVE = YES;
				CLANG_WARN_UNGUARDED_AVAILABILITY = YES_AGGRESSIVE;
				CLANG_WARN_UNREACHABLE_CODE = YES;
				CLANG_WARN__DUPLICATE_METHOD_MATCH = YES;
				COPY_PHASE_STRIP = NO;
				DEBUG_INFORMATION_FORMAT = dwarf;
				ENABLE_STRICT_OBJC_MSGSEND = YES;
				ENABLE_TESTABILITY = YES;
				GCC_C_LANGUAGE_STANDARD = gnu11;
				GCC_DYNAMIC_NO_PIC = NO;
				GCC_NO_COMMON_BLOCKS = YES;
				GCC_OPTIMIZATION_LEVEL = 0;
				GCC_PREPROCESSOR_DEFINITIONS = (
					"DEBUG=1",
					"$(inherited)",
				);
				GCC_WARN_64_TO_32_BIT_CONVERSION = YES;
				GCC_WARN_ABOUT_RETURN_TYPE = YES_ERROR;
				GCC_WARN_UNDECLARED_SELECTOR = YES;
				GCC_WARN_UNINITIALIZED_AUTOS = YES_AGGRESSIVE;
				GCC_WARN_UNUSED_FUNCTION = YES;
				GCC_WARN_UNUSED_VARIABLE = YES;
				IPHONEOS_DEPLOYMENT_TARGET = 16.2;
				MTL_ENABLE_DEBUG_INFO = INCLUDE_SOURCE;
				MTL_FAST_MATH = YES;
				ONLY_ACTIVE_ARCH = YES;
				SDKROOT = iphoneos;
				SWIFT_ACTIVE_COMPILATION_CONDITIONS = DEBUG;
				SWIFT_OPTIMIZATION_LEVEL = "-Onone";
			};
			name = Debug;
		};
		1829C3222A3DFD740096143F /* Release */ = {
			isa = XCBuildConfiguration;
			buildSettings = {
				ALWAYS_SEARCH_USER_PATHS = NO;
				CLANG_ANALYZER_NONNULL = YES;
				CLANG_ANALYZER_NUMBER_OBJECT_CONVERSION = YES_AGGRESSIVE;
				CLANG_CXX_LANGUAGE_STANDARD = "gnu++20";
				CLANG_ENABLE_MODULES = YES;
				CLANG_ENABLE_OBJC_ARC = YES;
				CLANG_ENABLE_OBJC_WEAK = YES;
				CLANG_WARN_BLOCK_CAPTURE_AUTORELEASING = YES;
				CLANG_WARN_BOOL_CONVERSION = YES;
				CLANG_WARN_COMMA = YES;
				CLANG_WARN_CONSTANT_CONVERSION = YES;
				CLANG_WARN_DEPRECATED_OBJC_IMPLEMENTATIONS = YES;
				CLANG_WARN_DIRECT_OBJC_ISA_USAGE = YES_ERROR;
				CLANG_WARN_DOCUMENTATION_COMMENTS = YES;
				CLANG_WARN_EMPTY_BODY = YES;
				CLANG_WARN_ENUM_CONVERSION = YES;
				CLANG_WARN_INFINITE_RECURSION = YES;
				CLANG_WARN_INT_CONVERSION = YES;
				CLANG_WARN_NON_LITERAL_NULL_CONVERSION = YES;
				CLANG_WARN_OBJC_IMPLICIT_RETAIN_SELF = YES;
				CLANG_WARN_OBJC_LITERAL_CONVERSION = YES;
				CLANG_WARN_OBJC_ROOT_CLASS = YES_ERROR;
				CLANG_WARN_QUOTED_INCLUDE_IN_FRAMEWORK_HEADER = YES;
				CLANG_WARN_RANGE_LOOP_ANALYSIS = YES;
				CLANG_WARN_STRICT_PROTOTYPES = YES;
				CLANG_WARN_SUSPICIOUS_MOVE = YES;
				CLANG_WARN_UNGUARDED_AVAILABILITY = YES_AGGRESSIVE;
				CLANG_WARN_UNREACHABLE_CODE = YES;
				CLANG_WARN__DUPLICATE_METHOD_MATCH = YES;
				COPY_PHASE_STRIP = NO;
				DEBUG_INFORMATION_FORMAT = "dwarf-with-dsym";
				ENABLE_NS_ASSERTIONS = NO;
				ENABLE_STRICT_OBJC_MSGSEND = YES;
				GCC_C_LANGUAGE_STANDARD = gnu11;
				GCC_NO_COMMON_BLOCKS = YES;
				GCC_WARN_64_TO_32_BIT_CONVERSION = YES;
				GCC_WARN_ABOUT_RETURN_TYPE = YES_ERROR;
				GCC_WARN_UNDECLARED_SELECTOR = YES;
				GCC_WARN_UNINITIALIZED_AUTOS = YES_AGGRESSIVE;
				GCC_WARN_UNUSED_FUNCTION = YES;
				GCC_WARN_UNUSED_VARIABLE = YES;
				IPHONEOS_DEPLOYMENT_TARGET = 16.2;
				MTL_ENABLE_DEBUG_INFO = NO;
				MTL_FAST_MATH = YES;
				SDKROOT = iphoneos;
				SWIFT_COMPILATION_MODE = wholemodule;
				SWIFT_OPTIMIZATION_LEVEL = "-O";
				VALIDATE_PRODUCT = YES;
			};
			name = Release;
		};
		1829C3242A3DFD740096143F /* Debug */ = {
			isa = XCBuildConfiguration;
			buildSettings = {
				ASSETCATALOG_COMPILER_APPICON_NAME = AppIcon;
				ASSETCATALOG_COMPILER_GLOBAL_ACCENT_COLOR_NAME = AccentColor;
				CODE_SIGN_STYLE = Automatic;
				CURRENT_PROJECT_VERSION = 1;
				DEVELOPMENT_TEAM = 29PZSKJHV7;
				GENERATE_INFOPLIST_FILE = YES;
				INFOPLIST_FILE = consolidateapp/Info.plist;
				INFOPLIST_KEY_UIApplicationSupportsIndirectInputEvents = YES;
				INFOPLIST_KEY_UILaunchStoryboardName = LaunchScreen;
				INFOPLIST_KEY_UIMainStoryboardFile = Main;
				INFOPLIST_KEY_UISupportedInterfaceOrientations_iPad = "UIInterfaceOrientationPortrait UIInterfaceOrientationPortraitUpsideDown UIInterfaceOrientationLandscapeLeft UIInterfaceOrientationLandscapeRight";
				INFOPLIST_KEY_UISupportedInterfaceOrientations_iPhone = "UIInterfaceOrientationPortrait UIInterfaceOrientationLandscapeLeft UIInterfaceOrientationLandscapeRight";
				LD_RUNPATH_SEARCH_PATHS = (
					"$(inherited)",
					"@executable_path/Frameworks",
				);
				MARKETING_VERSION = 1.0;
				PRODUCT_BUNDLE_IDENTIFIER = com.natelycon.consolidateapp;
				PRODUCT_NAME = "$(TARGET_NAME)";
				SWIFT_EMIT_LOC_STRINGS = YES;
				SWIFT_VERSION = 5.0;
				TARGETED_DEVICE_FAMILY = "1,2";
			};
			name = Debug;
		};
		1829C3252A3DFD740096143F /* Release */ = {
			isa = XCBuildConfiguration;
			buildSettings = {
				ASSETCATALOG_COMPILER_APPICON_NAME = AppIcon;
				ASSETCATALOG_COMPILER_GLOBAL_ACCENT_COLOR_NAME = AccentColor;
				CODE_SIGN_STYLE = Automatic;
				CURRENT_PROJECT_VERSION = 1;
				DEVELOPMENT_TEAM = 29PZSKJHV7;
				GENERATE_INFOPLIST_FILE = YES;
				INFOPLIST_FILE = consolidateapp/Info.plist;
				INFOPLIST_KEY_UIApplicationSupportsIndirectInputEvents = YES;
				INFOPLIST_KEY_UILaunchStoryboardName = LaunchScreen;
				INFOPLIST_KEY_UIMainStoryboardFile = Main;
				INFOPLIST_KEY_UISupportedInterfaceOrientations_iPad = "UIInterfaceOrientationPortrait UIInterfaceOrientationPortraitUpsideDown UIInterfaceOrientationLandscapeLeft UIInterfaceOrientationLandscapeRight";
				INFOPLIST_KEY_UISupportedInterfaceOrientations_iPhone = "UIInterfaceOrientationPortrait UIInterfaceOrientationLandscapeLeft UIInterfaceOrientationLandscapeRight";
				LD_RUNPATH_SEARCH_PATHS = (
					"$(inherited)",
					"@executable_path/Frameworks",
				);
				MARKETING_VERSION = 1.0;
				PRODUCT_BUNDLE_IDENTIFIER = com.natelycon.consolidateapp;
				PRODUCT_NAME = "$(TARGET_NAME)";
				SWIFT_EMIT_LOC_STRINGS = YES;
				SWIFT_VERSION = 5.0;
				TARGETED_DEVICE_FAMILY = "1,2";
			};
			name = Release;
		};
/* End XCBuildConfiguration section */

/* Begin XCConfigurationList section */
		1829C30A2A3DFD720096143F /* Build configuration list for PBXProject "consolidateapp" */ = {
			isa = XCConfigurationList;
			buildConfigurations = (
				1829C3212A3DFD740096143F /* Debug */,
				1829C3222A3DFD740096143F /* Release */,
			);
			defaultConfigurationIsVisible = 0;
			defaultConfigurationName = Release;
		};
		1829C3232A3DFD740096143F /* Build configuration list for PBXNativeTarget "consolidateapp" */ = {
			isa = XCConfigurationList;
			buildConfigurations = (
				1829C3242A3DFD740096143F /* Debug */,
				1829C3252A3DFD740096143F /* Release */,
			);
			defaultConfigurationIsVisible = 0;
			defaultConfigurationName = Release;
		};
/* End XCConfigurationList section */
	};
	rootObject = 1829C3072A3DFD720096143F /* Project object */;
}
